
Microsoft Visual Studio Solution File, Format Version 12.00
# Visual Studio 16
Project("{FAE04EC0-301F-11D3-BF4B-00C04F79EFBC}") = "Assembly-CSharp", "Assembly-CSharp.csproj", "{20CA78D2-7D84-E84E-326A-B1B9BA58ACDA}"
EndProject
Global
	GlobalSection(SolutionConfigurationPlatforms) = preSolution
		Debug|Any CPU = Debug|Any CPU
		Release|Any CPU = Release|Any CPU
	EndGlobalSection
	GlobalSection(ProjectConfigurationPlatforms) = postSolution
		{20CA78D2-7D84-E84E-326A-B1B9BA58ACDA}.Debug|Any CPU.ActiveCfg = Debug|Any CPU
		{20CA78D2-7D84-E84E-326A-B1B9BA58ACDA}.Debug|Any CPU.Build.0 = Debug|Any CPU
		{20CA78D2-7D84-E84E-326A-B1B9BA58ACDA}.Release|Any CPU.ActiveCfg = Release|Any CPU
		{20CA78D2-7D84-E84E-326A-B1B9BA58ACDA}.Release|Any CPU.Build.0 = Release|Any CPU
	EndGlobalSection
	GlobalSection(SolutionProperties) = preSolution
		HideSolutionNode = FALSE
	EndGlobalSection
EndGlobal
